
Microsoft Visual Studio Solution File, Format Version 12.00
# Visual Studio Version 16
VisualStudioVersion = 16.0.31702.278
MinimumVisualStudioVersion = 10.0.40219.1
Project("{9A19103F-16F7-4668-BE54-9A1E7A4F7556}") = "AlgorithmPractice", "AlgorithmPractice.csproj", "{7B6E6A19-031B-4A8A-8F2D-B61E07DDB949}"
EndProject
Project("{9A19103F-16F7-4668-BE54-9A1E7A4F7556}") = "UnitTestProject", "..\UnitTestProject\UnitTestProject.csproj", "{C07CD729-A2F9-4660-848B-012D08E4BC7B}"
EndProject
Project("{FAE04EC0-301F-11D3-BF4B-00C04F79EFBC}") = "CSharpProjectFramework", "..\CSharpProjectFramework\CSharpProjectFramework.csproj", "{038254A8-00B1-4CE7-9565-DE72EF7DE211}"
EndProject
Project("{FAE04EC0-301F-11D3-BF4B-00C04F79EFBC}") = "TestConsole", "..\TestConsole\TestConsole.csproj", "{3C695F0C-92F8-4781-A96B-F66B14F7CD6B}"
EndProject
Project("{FAE04EC0-301F-11D3-BF4B-00C04F79EFBC}") = "WpfProject", "..\WpfProject\WpfProject.csproj", "{72BDBB99-DEE7-426F-9873-3659A8F16A35}"
EndProject
Project("{FAE04EC0-301F-11D3-BF4B-00C04F79EFBC}") = "VendingMachine", "..\VendingMachine\VendingMachine.csproj", "{838AB456-B0B3-42E7-A0ED-2ECA77D86147}"
EndProject
Project("{9A19103F-16F7-4668-BE54-9A1E7A4F7556}") = "ThreadAndTask", "..\..\ThreadAndTask\ThreadAndTask.csproj", "{DF3B7ED8-8F6D-4D67-A521-D4934A98A375}"
EndProject
Project("{9A19103F-16F7-4668-BE54-9A1E7A4F7556}") = "TryUnitTestCore", "..\TryUnitTestCore\TryUnitTestCore.csproj", "{D2E1D613-7FE5-4EE4-854E-D7696F1EF4D5}"
EndProject
Project("{FAE04EC0-301F-11D3-BF4B-00C04F79EFBC}") = "MyBusiness", "..\WCF\MyBusiness\MyBusiness.csproj", "{3B20143D-BB3B-44AD-AFD6-A4B6199CFBBE}"
EndProject
Project("{FAE04EC0-301F-11D3-BF4B-00C04F79EFBC}") = "MyService", "..\WCF\MyService\MyService.csproj", "{AD75A8B7-243F-4069-8932-CFDBC504789E}"
EndProject
Project("{FAE04EC0-301F-11D3-BF4B-00C04F79EFBC}") = "MyHost", "..\WCF\MyHost\MyHost.csproj", "{ACE90E99-B1F0-47B7-8BA4-CA5F3F75CBF5}"
EndProject
Project("{FAE04EC0-301F-11D3-BF4B-00C04F79EFBC}") = "MyClient", "..\WCF\MyClient\MyClient.csproj", "{17D813FE-AA49-406D-AF5C-80D362636009}"
EndProject
Project("{FAE04EC0-301F-11D3-BF4B-00C04F79EFBC}") = "MVC简单例子", "..\MVC简单例子\MVC简单例子\MVC简单例子.csproj", "{BC5E7A87-1CCF-4A47-8E32-188B64E0EB32}"
EndProject
Project("{FAE04EC0-301F-11D3-BF4B-00C04F79EFBC}") = "TryAsp.net", "..\TryAsp.net\TryAsp.net.csproj", "{F591AFC1-78A8-4676-8079-B9B0B2884685}"
EndProject
Project("{FAE04EC0-301F-11D3-BF4B-00C04F79EFBC}") = "MVCApplication", "..\..\..\..\..\..\..\Code\Emma Tests\MVCApplication\MVCApplication.csproj", "{8D8FBFC8-DE60-4A38-95A6-50F2D7CAB0B0}"
EndProject
Project("{FAE04EC0-301F-11D3-BF4B-00C04F79EFBC}") = "WPFUsercontrol", "..\WPFUsercontrol\WPFUsercontrol.csproj", "{0DA0BAF0-E59B-4931-B65D-D17B25FE8DCA}"
EndProject
Project("{FAE04EC0-301F-11D3-BF4B-00C04F79EFBC}") = "TryEmmaWeb", "..\TryEmmaWeb\TryEmmaWeb.csproj", "{91C7F3F9-EC85-47EF-870D-8AB67EAB31D3}"
EndProject
Project("{FAE04EC0-301F-11D3-BF4B-00C04F79EFBC}") = "EMMAWeb", "..\EMMAWeb\EMMAWeb.csproj", "{3736FA1B-5F03-412A-892F-675F2CA5DC3E}"
EndProject
Project("{FAE04EC0-301F-11D3-BF4B-00C04F79EFBC}") = "TryMCFIIS", "..\TryMCFIIS\TryMCFIIS.csproj", "{AC9F7AC9-2EE2-4FD3-A64A-4C60EB875FD8}"
EndProject
Project("{8BC9CEB8-8B4A-11D0-8D11-00A0C91BC942}") = "CpLUS", "..\CpLUS\CpLUS.vcxproj", "{4468A00B-653A-4D7D-8E38-4C2B39113C41}"
EndProject
Project("{FAE04EC0-301F-11D3-BF4B-00C04F79EFBC}") = "ExcelAddIn1", "..\ExcelAddIn1\ExcelAddIn1.csproj", "{A7D1CC3E-ED65-4686-BE2D-7DC49DC3D576}"
EndProject
Project("{9A19103F-16F7-4668-BE54-9A1E7A4F7556}") = "Test", "..\Test\Test.csproj", "{032E47F3-A3D5-4704-9B28-E32E5AEF96E8}"
EndProject
Project("{FAE04EC0-301F-11D3-BF4B-00C04F79EFBC}") = "TryAsyncAwaitUpdateUi", "..\TryAsyncAwaitUpdateUi\TryAsyncAwaitUpdateUi.csproj", "{5D7C9185-C3DF-469B-AB42-961179989881}"
EndProject
Global
	GlobalSection(SolutionConfigurationPlatforms) = preSolution
		Debug|Any CPU = Debug|Any CPU
		Debug|x64 = Debug|x64
		Debug|x86 = Debug|x86
		Release|Any CPU = Release|Any CPU
		Release|x64 = Release|x64
		Release|x86 = Release|x86
	EndGlobalSection
	GlobalSection(ProjectConfigurationPlatforms) = postSolution
		{7B6E6A19-031B-4A8A-8F2D-B61E07DDB949}.Debug|Any CPU.ActiveCfg = Debug|Any CPU
		{7B6E6A19-031B-4A8A-8F2D-B61E07DDB949}.Debug|Any CPU.Build.0 = Debug|Any CPU
		{7B6E6A19-031B-4A8A-8F2D-B61E07DDB949}.Debug|x64.ActiveCfg = Debug|Any CPU
		{7B6E6A19-031B-4A8A-8F2D-B61E07DDB949}.Debug|x64.Build.0 = Debug|Any CPU
		{7B6E6A19-031B-4A8A-8F2D-B61E07DDB949}.Debug|x86.ActiveCfg = Debug|Any CPU
		{7B6E6A19-031B-4A8A-8F2D-B61E07DDB949}.Debug|x86.Build.0 = Debug|Any CPU
		{7B6E6A19-031B-4A8A-8F2D-B61E07DDB949}.Release|Any CPU.ActiveCfg = Release|Any CPU
		{7B6E6A19-031B-4A8A-8F2D-B61E07DDB949}.Release|Any CPU.Build.0 = Release|Any CPU
		{7B6E6A19-031B-4A8A-8F2D-B61E07DDB949}.Release|x64.ActiveCfg = Release|Any CPU
		{7B6E6A19-031B-4A8A-8F2D-B61E07DDB949}.Release|x64.Build.0 = Release|Any CPU
		{7B6E6A19-031B-4A8A-8F2D-B61E07DDB949}.Release|x86.ActiveCfg = Release|Any CPU
		{7B6E6A19-031B-4A8A-8F2D-B61E07DDB949}.Release|x86.Build.0 = Release|Any CPU
		{C07CD729-A2F9-4660-848B-012D08E4BC7B}.Debug|Any CPU.ActiveCfg = Debug|Any CPU
		{C07CD729-A2F9-4660-848B-012D08E4BC7B}.Debug|Any CPU.Build.0 = Debug|Any CPU
		{C07CD729-A2F9-4660-848B-012D08E4BC7B}.Debug|x64.ActiveCfg = Debug|Any CPU
		{C07CD729-A2F9-4660-848B-012D08E4BC7B}.Debug|x64.Build.0 = Debug|Any CPU
		{C07CD729-A2F9-4660-848B-012D08E4BC7B}.Debug|x86.ActiveCfg = Debug|Any CPU
		{C07CD729-A2F9-4660-848B-012D08E4BC7B}.Debug|x86.Build.0 = Debug|Any CPU
		{C07CD729-A2F9-4660-848B-012D08E4BC7B}.Release|Any CPU.ActiveCfg = Release|Any CPU
		{C07CD729-A2F9-4660-848B-012D08E4BC7B}.Release|Any CPU.Build.0 = Release|Any CPU
		{C07CD729-A2F9-4660-848B-012D08E4BC7B}.Release|x64.ActiveCfg = Release|Any CPU
		{C07CD729-A2F9-4660-848B-012D08E4BC7B}.Release|x64.Build.0 = Release|Any CPU
		{C07CD729-A2F9-4660-848B-012D08E4BC7B}.Release|x86.ActiveCfg = Release|Any CPU
		{C07CD729-A2F9-4660-848B-012D08E4BC7B}.Release|x86.Build.0 = Release|Any CPU
		{038254A8-00B1-4CE7-9565-DE72EF7DE211}.Debug|Any CPU.ActiveCfg = Debug|Any CPU
		{038254A8-00B1-4CE7-9565-DE72EF7DE211}.Debug|Any CPU.Build.0 = Debug|Any CPU
		{038254A8-00B1-4CE7-9565-DE72EF7DE211}.Debug|x64.ActiveCfg = Debug|Any CPU
		{038254A8-00B1-4CE7-9565-DE72EF7DE211}.Debug|x64.Build.0 = Debug|Any CPU
		{038254A8-00B1-4CE7-9565-DE72EF7DE211}.Debug|x86.ActiveCfg = Debug|Any CPU
		{038254A8-00B1-4CE7-9565-DE72EF7DE211}.Debug|x86.Build.0 = Debug|Any CPU
		{038254A8-00B1-4CE7-9565-DE72EF7DE211}.Release|Any CPU.ActiveCfg = Release|Any CPU
		{038254A8-00B1-4CE7-9565-DE72EF7DE211}.Release|Any CPU.Build.0 = Release|Any CPU
		{038254A8-00B1-4CE7-9565-DE72EF7DE211}.Release|x64.ActiveCfg = Release|Any CPU
		{038254A8-00B1-4CE7-9565-DE72EF7DE211}.Release|x64.Build.0 = Release|Any CPU
		{038254A8-00B1-4CE7-9565-DE72EF7DE211}.Release|x86.ActiveCfg = Release|Any CPU
		{038254A8-00B1-4CE7-9565-DE72EF7DE211}.Release|x86.Build.0 = Release|Any CPU
		{3C695F0C-92F8-4781-A96B-F66B14F7CD6B}.Debug|Any CPU.ActiveCfg = Debug|Any CPU
		{3C695F0C-92F8-4781-A96B-F66B14F7CD6B}.Debug|Any CPU.Build.0 = Debug|Any CPU
		{3C695F0C-92F8-4781-A96B-F66B14F7CD6B}.Debug|x64.ActiveCfg = Debug|Any CPU
		{3C695F0C-92F8-4781-A96B-F66B14F7CD6B}.Debug|x64.Build.0 = Debug|Any CPU
		{3C695F0C-92F8-4781-A96B-F66B14F7CD6B}.Debug|x86.ActiveCfg = Debug|Any CPU
		{3C695F0C-92F8-4781-A96B-F66B14F7CD6B}.Debug|x86.Build.0 = Debug|Any CPU
		{3C695F0C-92F8-4781-A96B-F66B14F7CD6B}.Release|Any CPU.ActiveCfg = Release|Any CPU
		{3C695F0C-92F8-4781-A96B-F66B14F7CD6B}.Release|Any CPU.Build.0 = Release|Any CPU
		{3C695F0C-92F8-4781-A96B-F66B14F7CD6B}.Release|x64.ActiveCfg = Release|Any CPU
		{3C695F0C-92F8-4781-A96B-F66B14F7CD6B}.Release|x64.Build.0 = Release|Any CPU
		{3C695F0C-92F8-4781-A96B-F66B14F7CD6B}.Release|x86.ActiveCfg = Release|Any CPU
		{3C695F0C-92F8-4781-A96B-F66B14F7CD6B}.Release|x86.Build.0 = Release|Any CPU
		{72BDBB99-DEE7-426F-9873-3659A8F16A35}.Debug|Any CPU.ActiveCfg = Debug|Any CPU
		{72BDBB99-DEE7-426F-9873-3659A8F16A35}.Debug|Any CPU.Build.0 = Debug|Any CPU
		{72BDBB99-DEE7-426F-9873-3659A8F16A35}.Debug|x64.ActiveCfg = Debug|Any CPU
		{72BDBB99-DEE7-426F-9873-3659A8F16A35}.Debug|x64.Build.0 = Debug|Any CPU
		{72BDBB99-DEE7-426F-9873-3659A8F16A35}.Debug|x86.ActiveCfg = Debug|Any CPU
		{72BDBB99-DEE7-426F-9873-3659A8F16A35}.Debug|x86.Build.0 = Debug|Any CPU
		{72BDBB99-DEE7-426F-9873-3659A8F16A35}.Release|Any CPU.ActiveCfg = Release|Any CPU
		{72BDBB99-DEE7-426F-9873-3659A8F16A35}.Release|Any CPU.Build.0 = Release|Any CPU
		{72BDBB99-DEE7-426F-9873-3659A8F16A35}.Release|x64.ActiveCfg = Release|Any CPU
		{72BDBB99-DEE7-426F-9873-3659A8F16A35}.Release|x64.Build.0 = Release|Any CPU
		{72BDBB99-DEE7-426F-9873-3659A8F16A35}.Release|x86.ActiveCfg = Release|Any CPU
		{72BDBB99-DEE7-426F-9873-3659A8F16A35}.Release|x86.Build.0 = Release|Any CPU
		{838AB456-B0B3-42E7-A0ED-2ECA77D86147}.Debug|Any CPU.ActiveCfg = Debug|Any CPU
		{838AB456-B0B3-42E7-A0ED-2ECA77D86147}.Debug|Any CPU.Build.0 = Debug|Any CPU
		{838AB456-B0B3-42E7-A0ED-2ECA77D86147}.Debug|x64.ActiveCfg = Debug|Any CPU
		{838AB456-B0B3-42E7-A0ED-2ECA77D86147}.Debug|x64.Build.0 = Debug|Any CPU
		{838AB456-B0B3-42E7-A0ED-2ECA77D86147}.Debug|x86.ActiveCfg = Debug|Any CPU
		{838AB456-B0B3-42E7-A0ED-2ECA77D86147}.Debug|x86.Build.0 = Debug|Any CPU
		{838AB456-B0B3-42E7-A0ED-2ECA77D86147}.Release|Any CPU.ActiveCfg = Release|Any CPU
		{838AB456-B0B3-42E7-A0ED-2ECA77D86147}.Release|Any CPU.Build.0 = Release|Any CPU
		{838AB456-B0B3-42E7-A0ED-2ECA77D86147}.Release|x64.ActiveCfg = Release|Any CPU
		{838AB456-B0B3-42E7-A0ED-2ECA77D86147}.Release|x64.Build.0 = Release|Any CPU
		{838AB456-B0B3-42E7-A0ED-2ECA77D86147}.Release|x86.ActiveCfg = Release|Any CPU
		{838AB456-B0B3-42E7-A0ED-2ECA77D86147}.Release|x86.Build.0 = Release|Any CPU
		{DF3B7ED8-8F6D-4D67-A521-D4934A98A375}.Debug|Any CPU.ActiveCfg = Debug|Any CPU
		{DF3B7ED8-8F6D-4D67-A521-D4934A98A375}.Debug|Any CPU.Build.0 = Debug|Any CPU
		{DF3B7ED8-8F6D-4D67-A521-D4934A98A375}.Debug|x64.ActiveCfg = Debug|Any CPU
		{DF3B7ED8-8F6D-4D67-A521-D4934A98A375}.Debug|x64.Build.0 = Debug|Any CPU
		{DF3B7ED8-8F6D-4D67-A521-D4934A98A375}.Debug|x86.ActiveCfg = Debug|Any CPU
		{DF3B7ED8-8F6D-4D67-A521-D4934A98A375}.Debug|x86.Build.0 = Debug|Any CPU
		{DF3B7ED8-8F6D-4D67-A521-D4934A98A375}.Release|Any CPU.ActiveCfg = Release|Any CPU
		{DF3B7ED8-8F6D-4D67-A521-D4934A98A375}.Release|Any CPU.Build.0 = Release|Any CPU
		{DF3B7ED8-8F6D-4D67-A521-D4934A98A375}.Release|x64.ActiveCfg = Release|Any CPU
		{DF3B7ED8-8F6D-4D67-A521-D4934A98A375}.Release|x64.Build.0 = Release|Any CPU
		{DF3B7ED8-8F6D-4D67-A521-D4934A98A375}.Release|x86.ActiveCfg = Release|Any CPU
		{DF3B7ED8-8F6D-4D67-A521-D4934A98A375}.Release|x86.Build.0 = Release|Any CPU
		{D2E1D613-7FE5-4EE4-854E-D7696F1EF4D5}.Debug|Any CPU.ActiveCfg = Debug|Any CPU
		{D2E1D613-7FE5-4EE4-854E-D7696F1EF4D5}.Debug|Any CPU.Build.0 = Debug|Any CPU
		{D2E1D613-7FE5-4EE4-854E-D7696F1EF4D5}.Debug|x64.ActiveCfg = Debug|Any CPU
		{D2E1D613-7FE5-4EE4-854E-D7696F1EF4D5}.Debug|x64.Build.0 = Debug|Any CPU
		{D2E1D613-7FE5-4EE4-854E-D7696F1EF4D5}.Debug|x86.ActiveCfg = Debug|Any CPU
		{D2E1D613-7FE5-4EE4-854E-D7696F1EF4D5}.Debug|x86.Build.0 = Debug|Any CPU
		{D2E1D613-7FE5-4EE4-854E-D7696F1EF4D5}.Release|Any CPU.ActiveCfg = Release|Any CPU
		{D2E1D613-7FE5-4EE4-854E-D7696F1EF4D5}.Release|Any CPU.Build.0 = Release|Any CPU
		{D2E1D613-7FE5-4EE4-854E-D7696F1EF4D5}.Release|x64.ActiveCfg = Release|Any CPU
		{D2E1D613-7FE5-4EE4-854E-D7696F1EF4D5}.Release|x64.Build.0 = Release|Any CPU
		{D2E1D613-7FE5-4EE4-854E-D7696F1EF4D5}.Release|x86.ActiveCfg = Release|Any CPU
		{D2E1D613-7FE5-4EE4-854E-D7696F1EF4D5}.Release|x86.Build.0 = Release|Any CPU
		{3B20143D-BB3B-44AD-AFD6-A4B6199CFBBE}.Debug|Any CPU.ActiveCfg = Debug|Any CPU
		{3B20143D-BB3B-44AD-AFD6-A4B6199CFBBE}.Debug|Any CPU.Build.0 = Debug|Any CPU
		{3B20143D-BB3B-44AD-AFD6-A4B6199CFBBE}.Debug|x64.ActiveCfg = Debug|Any CPU
		{3B20143D-BB3B-44AD-AFD6-A4B6199CFBBE}.Debug|x64.Build.0 = Debug|Any CPU
		{3B20143D-BB3B-44AD-AFD6-A4B6199CFBBE}.Debug|x86.ActiveCfg = Debug|Any CPU
		{3B20143D-BB3B-44AD-AFD6-A4B6199CFBBE}.Debug|x86.Build.0 = Debug|Any CPU
		{3B20143D-BB3B-44AD-AFD6-A4B6199CFBBE}.Release|Any CPU.ActiveCfg = Release|Any CPU
		{3B20143D-BB3B-44AD-AFD6-A4B6199CFBBE}.Release|Any CPU.Build.0 = Release|Any CPU
		{3B20143D-BB3B-44AD-AFD6-A4B6199CFBBE}.Release|x64.ActiveCfg = Release|Any CPU
		{3B20143D-BB3B-44AD-AFD6-A4B6199CFBBE}.Release|x64.Build.0 = Release|Any CPU
		{3B20143D-BB3B-44AD-AFD6-A4B6199CFBBE}.Release|x86.ActiveCfg = Release|Any CPU
		{3B20143D-BB3B-44AD-AFD6-A4B6199CFBBE}.Release|x86.Build.0 = Release|Any CPU
		{AD75A8B7-243F-4069-8932-CFDBC504789E}.Debug|Any CPU.ActiveCfg = Debug|Any CPU
		{AD75A8B7-243F-4069-8932-CFDBC504789E}.Debug|Any CPU.Build.0 = Debug|Any CPU
		{AD75A8B7-243F-4069-8932-CFDBC504789E}.Debug|x64.ActiveCfg = Debug|Any CPU
		{AD75A8B7-243F-4069-8932-CFDBC504789E}.Debug|x64.Build.0 = Debug|Any CPU
		{AD75A8B7-243F-4069-8932-CFDBC504789E}.Debug|x86.ActiveCfg = Debug|Any CPU
		{AD75A8B7-243F-4069-8932-CFDBC504789E}.Debug|x86.Build.0 = Debug|Any CPU
		{AD75A8B7-243F-4069-8932-CFDBC504789E}.Release|Any CPU.ActiveCfg = Release|Any CPU
		{AD75A8B7-243F-4069-8932-CFDBC504789E}.Release|Any CPU.Build.0 = Release|Any CPU
		{AD75A8B7-243F-4069-8932-CFDBC504789E}.Release|x64.ActiveCfg = Release|Any CPU
		{AD75A8B7-243F-4069-8932-CFDBC504789E}.Release|x64.Build.0 = Release|Any CPU
		{AD75A8B7-243F-4069-8932-CFDBC504789E}.Release|x86.ActiveCfg = Release|Any CPU
		{AD75A8B7-243F-4069-8932-CFDBC504789E}.Release|x86.Build.0 = Release|Any CPU
		{ACE90E99-B1F0-47B7-8BA4-CA5F3F75CBF5}.Debug|Any CPU.ActiveCfg = Debug|Any CPU
		{ACE90E99-B1F0-47B7-8BA4-CA5F3F75CBF5}.Debug|Any CPU.Build.0 = Debug|Any CPU
		{ACE90E99-B1F0-47B7-8BA4-CA5F3F75CBF5}.Debug|x64.ActiveCfg = Debug|Any CPU
		{ACE90E99-B1F0-47B7-8BA4-CA5F3F75CBF5}.Debug|x64.Build.0 = Debug|Any CPU
		{ACE90E99-B1F0-47B7-8BA4-CA5F3F75CBF5}.Debug|x86.ActiveCfg = Debug|Any CPU
		{ACE90E99-B1F0-47B7-8BA4-CA5F3F75CBF5}.Debug|x86.Build.0 = Debug|Any CPU
		{ACE90E99-B1F0-47B7-8BA4-CA5F3F75CBF5}.Release|Any CPU.ActiveCfg = Release|Any CPU
		{ACE90E99-B1F0-47B7-8BA4-CA5F3F75CBF5}.Release|Any CPU.Build.0 = Release|Any CPU
		{ACE90E99-B1F0-47B7-8BA4-CA5F3F75CBF5}.Release|x64.ActiveCfg = Release|Any CPU
		{ACE90E99-B1F0-47B7-8BA4-CA5F3F75CBF5}.Release|x64.Build.0 = Release|Any CPU
		{ACE90E99-B1F0-47B7-8BA4-CA5F3F75CBF5}.Release|x86.ActiveCfg = Release|Any CPU
		{ACE90E99-B1F0-47B7-8BA4-CA5F3F75CBF5}.Release|x86.Build.0 = Release|Any CPU
		{17D813FE-AA49-406D-AF5C-80D362636009}.Debug|Any CPU.ActiveCfg = Debug|Any CPU
		{17D813FE-AA49-406D-AF5C-80D362636009}.Debug|Any CPU.Build.0 = Debug|Any CPU
		{17D813FE-AA49-406D-AF5C-80D362636009}.Debug|x64.ActiveCfg = Debug|Any CPU
		{17D813FE-AA49-406D-AF5C-80D362636009}.Debug|x64.Build.0 = Debug|Any CPU
		{17D813FE-AA49-406D-AF5C-80D362636009}.Debug|x86.ActiveCfg = Debug|Any CPU
		{17D813FE-AA49-406D-AF5C-80D362636009}.Debug|x86.Build.0 = Debug|Any CPU
		{17D813FE-AA49-406D-AF5C-80D362636009}.Release|Any CPU.ActiveCfg = Release|Any CPU
		{17D813FE-AA49-406D-AF5C-80D362636009}.Release|Any CPU.Build.0 = Release|Any CPU
		{17D813FE-AA49-406D-AF5C-80D362636009}.Release|x64.ActiveCfg = Release|Any CPU
		{17D813FE-AA49-406D-AF5C-80D362636009}.Release|x64.Build.0 = Release|Any CPU
		{17D813FE-AA49-406D-AF5C-80D362636009}.Release|x86.ActiveCfg = Release|Any CPU
		{17D813FE-AA49-406D-AF5C-80D362636009}.Release|x86.Build.0 = Release|Any CPU
		{BC5E7A87-1CCF-4A47-8E32-188B64E0EB32}.Debug|Any CPU.ActiveCfg = Debug|Any CPU
		{BC5E7A87-1CCF-4A47-8E32-188B64E0EB32}.Debug|Any CPU.Build.0 = Debug|Any CPU
		{BC5E7A87-1CCF-4A47-8E32-188B64E0EB32}.Debug|x64.ActiveCfg = Debug|Any CPU
		{BC5E7A87-1CCF-4A47-8E32-188B64E0EB32}.Debug|x64.Build.0 = Debug|Any CPU
		{BC5E7A87-1CCF-4A47-8E32-188B64E0EB32}.Debug|x86.ActiveCfg = Debug|Any CPU
		{BC5E7A87-1CCF-4A47-8E32-188B64E0EB32}.Debug|x86.Build.0 = Debug|Any CPU
		{BC5E7A87-1CCF-4A47-8E32-188B64E0EB32}.Release|Any CPU.ActiveCfg = Release|Any CPU
		{BC5E7A87-1CCF-4A47-8E32-188B64E0EB32}.Release|Any CPU.Build.0 = Release|Any CPU
		{BC5E7A87-1CCF-4A47-8E32-188B64E0EB32}.Release|x64.ActiveCfg = Release|Any CPU
		{BC5E7A87-1CCF-4A47-8E32-188B64E0EB32}.Release|x64.Build.0 = Release|Any CPU
		{BC5E7A87-1CCF-4A47-8E32-188B64E0EB32}.Release|x86.ActiveCfg = Release|Any CPU
		{BC5E7A87-1CCF-4A47-8E32-188B64E0EB32}.Release|x86.Build.0 = Release|Any CPU
		{F591AFC1-78A8-4676-8079-B9B0B2884685}.Debug|Any CPU.ActiveCfg = Debug|Any CPU
		{F591AFC1-78A8-4676-8079-B9B0B2884685}.Debug|Any CPU.Build.0 = Debug|Any CPU
		{F591AFC1-78A8-4676-8079-B9B0B2884685}.Debug|x64.ActiveCfg = Debug|Any CPU
		{F591AFC1-78A8-4676-8079-B9B0B2884685}.Debug|x64.Build.0 = Debug|Any CPU
		{F591AFC1-78A8-4676-8079-B9B0B2884685}.Debug|x86.ActiveCfg = Debug|Any CPU
		{F591AFC1-78A8-4676-8079-B9B0B2884685}.Debug|x86.Build.0 = Debug|Any CPU
		{F591AFC1-78A8-4676-8079-B9B0B2884685}.Release|Any CPU.ActiveCfg = Release|Any CPU
		{F591AFC1-78A8-4676-8079-B9B0B2884685}.Release|Any CPU.Build.0 = Release|Any CPU
		{F591AFC1-78A8-4676-8079-B9B0B2884685}.Release|x64.ActiveCfg = Release|Any CPU
		{F591AFC1-78A8-4676-8079-B9B0B2884685}.Release|x64.Build.0 = Release|Any CPU
		{F591AFC1-78A8-4676-8079-B9B0B2884685}.Release|x86.ActiveCfg = Release|Any CPU
		{F591AFC1-78A8-4676-8079-B9B0B2884685}.Release|x86.Build.0 = Release|Any CPU
		{8D8FBFC8-DE60-4A38-95A6-50F2D7CAB0B0}.Debug|Any CPU.ActiveCfg = Debug|Any CPU
		{8D8FBFC8-DE60-4A38-95A6-50F2D7CAB0B0}.Debug|Any CPU.Build.0 = Debug|Any CPU
		{8D8FBFC8-DE60-4A38-95A6-50F2D7CAB0B0}.Debug|x64.ActiveCfg = Debug|Any CPU
		{8D8FBFC8-DE60-4A38-95A6-50F2D7CAB0B0}.Debug|x64.Build.0 = Debug|Any CPU
		{8D8FBFC8-DE60-4A38-95A6-50F2D7CAB0B0}.Debug|x86.ActiveCfg = Debug|Any CPU
		{8D8FBFC8-DE60-4A38-95A6-50F2D7CAB0B0}.Debug|x86.Build.0 = Debug|Any CPU
		{8D8FBFC8-DE60-4A38-95A6-50F2D7CAB0B0}.Release|Any CPU.ActiveCfg = Release|Any CPU
		{8D8FBFC8-DE60-4A38-95A6-50F2D7CAB0B0}.Release|Any CPU.Build.0 = Release|Any CPU
		{8D8FBFC8-DE60-4A38-95A6-50F2D7CAB0B0}.Release|x64.ActiveCfg = Release|Any CPU
		{8D8FBFC8-DE60-4A38-95A6-50F2D7CAB0B0}.Release|x64.Build.0 = Release|Any CPU
		{8D8FBFC8-DE60-4A38-95A6-50F2D7CAB0B0}.Release|x86.ActiveCfg = Release|Any CPU
		{8D8FBFC8-DE60-4A38-95A6-50F2D7CAB0B0}.Release|x86.Build.0 = Release|Any CPU
		{0DA0BAF0-E59B-4931-B65D-D17B25FE8DCA}.Debug|Any CPU.ActiveCfg = Debug|Any CPU
		{0DA0BAF0-E59B-4931-B65D-D17B25FE8DCA}.Debug|Any CPU.Build.0 = Debug|Any CPU
		{0DA0BAF0-E59B-4931-B65D-D17B25FE8DCA}.Debug|x64.ActiveCfg = Debug|Any CPU
		{0DA0BAF0-E59B-4931-B65D-D17B25FE8DCA}.Debug|x64.Build.0 = Debug|Any CPU
		{0DA0BAF0-E59B-4931-B65D-D17B25FE8DCA}.Debug|x86.ActiveCfg = Debug|Any CPU
		{0DA0BAF0-E59B-4931-B65D-D17B25FE8DCA}.Debug|x86.Build.0 = Debug|Any CPU
		{0DA0BAF0-E59B-4931-B65D-D17B25FE8DCA}.Release|Any CPU.ActiveCfg = Release|Any CPU
		{0DA0BAF0-E59B-4931-B65D-D17B25FE8DCA}.Release|Any CPU.Build.0 = Release|Any CPU
		{0DA0BAF0-E59B-4931-B65D-D17B25FE8DCA}.Release|x64.ActiveCfg = Release|Any CPU
		{0DA0BAF0-E59B-4931-B65D-D17B25FE8DCA}.Release|x64.Build.0 = Release|Any CPU
		{0DA0BAF0-E59B-4931-B65D-D17B25FE8DCA}.Release|x86.ActiveCfg = Release|Any CPU
		{0DA0BAF0-E59B-4931-B65D-D17B25FE8DCA}.Release|x86.Build.0 = Release|Any CPU
		{91C7F3F9-EC85-47EF-870D-8AB67EAB31D3}.Debug|Any CPU.ActiveCfg = Debug|Any CPU
		{91C7F3F9-EC85-47EF-870D-8AB67EAB31D3}.Debug|Any CPU.Build.0 = Debug|Any CPU
		{91C7F3F9-EC85-47EF-870D-8AB67EAB31D3}.Debug|x64.ActiveCfg = Debug|Any CPU
		{91C7F3F9-EC85-47EF-870D-8AB67EAB31D3}.Debug|x64.Build.0 = Debug|Any CPU
		{91C7F3F9-EC85-47EF-870D-8AB67EAB31D3}.Debug|x86.ActiveCfg = Debug|Any CPU
		{91C7F3F9-EC85-47EF-870D-8AB67EAB31D3}.Debug|x86.Build.0 = Debug|Any CPU
		{91C7F3F9-EC85-47EF-870D-8AB67EAB31D3}.Release|Any CPU.ActiveCfg = Release|Any CPU
		{91C7F3F9-EC85-47EF-870D-8AB67EAB31D3}.Release|Any CPU.Build.0 = Release|Any CPU
		{91C7F3F9-EC85-47EF-870D-8AB67EAB31D3}.Release|x64.ActiveCfg = Release|Any CPU
		{91C7F3F9-EC85-47EF-870D-8AB67EAB31D3}.Release|x64.Build.0 = Release|Any CPU
		{91C7F3F9-EC85-47EF-870D-8AB67EAB31D3}.Release|x86.ActiveCfg = Release|Any CPU
		{91C7F3F9-EC85-47EF-870D-8AB67EAB31D3}.Release|x86.Build.0 = Release|Any CPU
		{3736FA1B-5F03-412A-892F-675F2CA5DC3E}.Debug|Any CPU.ActiveCfg = Debug|Any CPU
		{3736FA1B-5F03-412A-892F-675F2CA5DC3E}.Debug|Any CPU.Build.0 = Debug|Any CPU
		{3736FA1B-5F03-412A-892F-675F2CA5DC3E}.Debug|x64.ActiveCfg = Debug|Any CPU
		{3736FA1B-5F03-412A-892F-675F2CA5DC3E}.Debug|x64.Build.0 = Debug|Any CPU
		{3736FA1B-5F03-412A-892F-675F2CA5DC3E}.Debug|x86.ActiveCfg = Debug|Any CPU
		{3736FA1B-5F03-412A-892F-675F2CA5DC3E}.Debug|x86.Build.0 = Debug|Any CPU
		{3736FA1B-5F03-412A-892F-675F2CA5DC3E}.Release|Any CPU.ActiveCfg = Release|Any CPU
		{3736FA1B-5F03-412A-892F-675F2CA5DC3E}.Release|Any CPU.Build.0 = Release|Any CPU
		{3736FA1B-5F03-412A-892F-675F2CA5DC3E}.Release|x64.ActiveCfg = Release|Any CPU
		{3736FA1B-5F03-412A-892F-675F2CA5DC3E}.Release|x64.Build.0 = Release|Any CPU
		{3736FA1B-5F03-412A-892F-675F2CA5DC3E}.Release|x86.ActiveCfg = Release|Any CPU
		{3736FA1B-5F03-412A-892F-675F2CA5DC3E}.Release|x86.Build.0 = Release|Any CPU
		{AC9F7AC9-2EE2-4FD3-A64A-4C60EB875FD8}.Debug|Any CPU.ActiveCfg = Debug|Any CPU
		{AC9F7AC9-2EE2-4FD3-A64A-4C60EB875FD8}.Debug|Any CPU.Build.0 = Debug|Any CPU
		{AC9F7AC9-2EE2-4FD3-A64A-4C60EB875FD8}.Debug|x64.ActiveCfg = Debug|Any CPU
		{AC9F7AC9-2EE2-4FD3-A64A-4C60EB875FD8}.Debug|x64.Build.0 = Debug|Any CPU
		{AC9F7AC9-2EE2-4FD3-A64A-4C60EB875FD8}.Debug|x86.ActiveCfg = Debug|Any CPU
		{AC9F7AC9-2EE2-4FD3-A64A-4C60EB875FD8}.Debug|x86.Build.0 = Debug|Any CPU
		{AC9F7AC9-2EE2-4FD3-A64A-4C60EB875FD8}.Release|Any CPU.ActiveCfg = Release|Any CPU
		{AC9F7AC9-2EE2-4FD3-A64A-4C60EB875FD8}.Release|Any CPU.Build.0 = Release|Any CPU
		{AC9F7AC9-2EE2-4FD3-A64A-4C60EB875FD8}.Release|x64.ActiveCfg = Release|Any CPU
		{AC9F7AC9-2EE2-4FD3-A64A-4C60EB875FD8}.Release|x64.Build.0 = Release|Any CPU
		{AC9F7AC9-2EE2-4FD3-A64A-4C60EB875FD8}.Release|x86.ActiveCfg = Release|Any CPU
		{AC9F7AC9-2EE2-4FD3-A64A-4C60EB875FD8}.Release|x86.Build.0 = Release|Any CPU
		{4468A00B-653A-4D7D-8E38-4C2B39113C41}.Debug|Any CPU.ActiveCfg = Debug|Win32
		{4468A00B-653A-4D7D-8E38-4C2B39113C41}.Debug|x64.ActiveCfg = Debug|x64
		{4468A00B-653A-4D7D-8E38-4C2B39113C41}.Debug|x64.Build.0 = Debug|x64
		{4468A00B-653A-4D7D-8E38-4C2B39113C41}.Debug|x86.ActiveCfg = Debug|Win32
		{4468A00B-653A-4D7D-8E38-4C2B39113C41}.Debug|x86.Build.0 = Debug|Win32
		{4468A00B-653A-4D7D-8E38-4C2B39113C41}.Release|Any CPU.ActiveCfg = Release|Win32
		{4468A00B-653A-4D7D-8E38-4C2B39113C41}.Release|x64.ActiveCfg = Release|x64
		{4468A00B-653A-4D7D-8E38-4C2B39113C41}.Release|x64.Build.0 = Release|x64
		{4468A00B-653A-4D7D-8E38-4C2B39113C41}.Release|x86.ActiveCfg = Release|Win32
		{4468A00B-653A-4D7D-8E38-4C2B39113C41}.Release|x86.Build.0 = Release|Win32
		{A7D1CC3E-ED65-4686-BE2D-7DC49DC3D576}.Debug|Any CPU.ActiveCfg = Debug|Any CPU
		{A7D1CC3E-ED65-4686-BE2D-7DC49DC3D576}.Debug|Any CPU.Build.0 = Debug|Any CPU
		{A7D1CC3E-ED65-4686-BE2D-7DC49DC3D576}.Debug|x64.ActiveCfg = Debug|Any CPU
		{A7D1CC3E-ED65-4686-BE2D-7DC49DC3D576}.Debug|x64.Build.0 = Debug|Any CPU
		{A7D1CC3E-ED65-4686-BE2D-7DC49DC3D576}.Debug|x86.ActiveCfg = Debug|Any CPU
		{A7D1CC3E-ED65-4686-BE2D-7DC49DC3D576}.Debug|x86.Build.0 = Debug|Any CPU
		{A7D1CC3E-ED65-4686-BE2D-7DC49DC3D576}.Release|Any CPU.ActiveCfg = Release|Any CPU
		{A7D1CC3E-ED65-4686-BE2D-7DC49DC3D576}.Release|Any CPU.Build.0 = Release|Any CPU
		{A7D1CC3E-ED65-4686-BE2D-7DC49DC3D576}.Release|x64.ActiveCfg = Release|Any CPU
		{A7D1CC3E-ED65-4686-BE2D-7DC49DC3D576}.Release|x64.Build.0 = Release|Any CPU
		{A7D1CC3E-ED65-4686-BE2D-7DC49DC3D576}.Release|x86.ActiveCfg = Release|Any CPU
		{A7D1CC3E-ED65-4686-BE2D-7DC49DC3D576}.Release|x86.Build.0 = Release|Any CPU
		{032E47F3-A3D5-4704-9B28-E32E5AEF96E8}.Debug|Any CPU.ActiveCfg = Debug|Any CPU
		{032E47F3-A3D5-4704-9B28-E32E5AEF96E8}.Debug|Any CPU.Build.0 = Debug|Any CPU
		{032E47F3-A3D5-4704-9B28-E32E5AEF96E8}.Debug|x64.ActiveCfg = Debug|Any CPU
		{032E47F3-A3D5-4704-9B28-E32E5AEF96E8}.Debug|x64.Build.0 = Debug|Any CPU
		{032E47F3-A3D5-4704-9B28-E32E5AEF96E8}.Debug|x86.ActiveCfg = Debug|Any CPU
		{032E47F3-A3D5-4704-9B28-E32E5AEF96E8}.Debug|x86.Build.0 = Debug|Any CPU
		{032E47F3-A3D5-4704-9B28-E32E5AEF96E8}.Release|Any CPU.ActiveCfg = Release|Any CPU
		{032E47F3-A3D5-4704-9B28-E32E5AEF96E8}.Release|Any CPU.Build.0 = Release|Any CPU
		{032E47F3-A3D5-4704-9B28-E32E5AEF96E8}.Release|x64.ActiveCfg = Release|Any CPU
		{032E47F3-A3D5-4704-9B28-E32E5AEF96E8}.Release|x64.Build.0 = Release|Any CPU
		{032E47F3-A3D5-4704-9B28-E32E5AEF96E8}.Release|x86.ActiveCfg = Release|Any CPU
		{032E47F3-A3D5-4704-9B28-E32E5AEF96E8}.Release|x86.Build.0 = Release|Any CPU
		{5D7C9185-C3DF-469B-AB42-961179989881}.Debug|Any CPU.ActiveCfg = Debug|Any CPU
		{5D7C9185-C3DF-469B-AB42-961179989881}.Debug|Any CPU.Build.0 = Debug|Any CPU
		{5D7C9185-C3DF-469B-AB42-961179989881}.Debug|x64.ActiveCfg = Debug|Any CPU
		{5D7C9185-C3DF-469B-AB42-961179989881}.Debug|x64.Build.0 = Debug|Any CPU
		{5D7C9185-C3DF-469B-AB42-961179989881}.Debug|x86.ActiveCfg = Debug|Any CPU
		{5D7C9185-C3DF-469B-AB42-961179989881}.Debug|x86.Build.0 = Debug|Any CPU
		{5D7C9185-C3DF-469B-AB42-961179989881}.Release|Any CPU.ActiveCfg = Release|Any CPU
		{5D7C9185-C3DF-469B-AB42-961179989881}.Release|Any CPU.Build.0 = Release|Any CPU
		{5D7C9185-C3DF-469B-AB42-961179989881}.Release|x64.ActiveCfg = Release|Any CPU
		{5D7C9185-C3DF-469B-AB42-961179989881}.Release|x64.Build.0 = Release|Any CPU
		{5D7C9185-C3DF-469B-AB42-961179989881}.Release|x86.ActiveCfg = Release|Any CPU
		{5D7C9185-C3DF-469B-AB42-961179989881}.Release|x86.Build.0 = Release|Any CPU
	EndGlobalSection
	GlobalSection(SolutionProperties) = preSolution
		HideSolutionNode = FALSE
	EndGlobalSection
	GlobalSection(ExtensibilityGlobals) = postSolution
		SolutionGuid = {B3189284-D9C4-428A-9DAC-0223170BE354}
	EndGlobalSection
EndGlobal
